
Microsoft Visual Studio Solution File, Format Version 12.00
# Visual Studio Version 17
VisualStudioVersion = 17.0.32126.317
MinimumVisualStudioVersion = 10.0.40219.1
Project("{FAE04EC0-301F-11D3-BF4B-00C04F79EFBC}") = "martin", "martin\martin.csproj", "{50021CA9-204F-41A7-AED3-646DDB49E0FF}"
EndProject
Global
	GlobalSection(SolutionConfigurationPlatforms) = preSolution
		Debug|Any CPU = Debug|Any CPU
		Release|Any CPU = Release|Any CPU
	EndGlobalSection
	GlobalSection(ProjectConfigurationPlatforms) = postSolution
		{50021CA9-204F-41A7-AED3-646DDB49E0FF}.Debug|Any CPU.ActiveCfg = Debug|Any CPU
		{50021CA9-204F-41A7-AED3-646DDB49E0FF}.Debug|Any CPU.Build.0 = Debug|Any CPU
		{50021CA9-204F-41A7-AED3-646DDB49E0FF}.Release|Any CPU.ActiveCfg = Release|Any CPU
		{50021CA9-204F-41A7-AED3-646DDB49E0FF}.Release|Any CPU.Build.0 = Release|Any CPU
	EndGlobalSection
	GlobalSection(SolutionProperties) = preSolution
		HideSolutionNode = FALSE
	EndGlobalSection
	GlobalSection(ExtensibilityGlobals) = postSolution
		SolutionGuid = {D0126126-7367-49E1-B89C-00190594C8C9}
	EndGlobalSection
EndGlobal
